set_global_assignment -name VERILOG_FILE rtl/fpga_core.v
set_global_assignment -name VERILOG_FILE rtl/sync_signal.v
set_global_assignment -name VERILOG_FILE rtl/eth_xcvr_phy_wrapper.v
set_global_assignment -name VERILOG_FILE rtl/eth_xcvr_phy_quad_wrapper.v
set_global_assignment -name VERILOG_FILE /h/led_ctrl/05_corundum/corundum/fpga/common/rtl/mqnic_core_pcie_s10.v
set_global_assignment -name VERILOG_FILE /h/led_ctrl/05_corundum/corundum/fpga/common/rtl/mqnic_core_pcie.v
set_global_assignment -name VERILOG_FILE /h/led_ctrl/05_corundum/corundum/fpga/common/rtl/mqnic_core.v
set_global_assignment -name VERILOG_FILE /h/led_ctrl/05_corundum/corundum/fpga/common/rtl/mqnic_interface.v
set_global_assignment -name VERILOG_FILE /h/led_ctrl/05_corundum/corundum/fpga/common/rtl/mqnic_interface_tx.v
set_global_assignment -name VERILOG_FILE /h/led_ctrl/05_corundum/corundum/fpga/common/rtl/mqnic_interface_rx.v
set_global_assignment -name VERILOG_FILE /h/led_ctrl/05_corundum/corundum/fpga/common/rtl/mqnic_port.v
set_global_assignment -name VERILOG_FILE /h/led_ctrl/05_corundum/corundum/fpga/common/rtl/mqnic_port_tx.v
set_global_assignment -name VERILOG_FILE /h/led_ctrl/05_corundum/corundum/fpga/common/rtl/mqnic_port_rx.v
set_global_assignment -name VERILOG_FILE /h/led_ctrl/05_corundum/corundum/fpga/common/rtl/mqnic_egress.v
set_global_assignment -name VERILOG_FILE /h/led_ctrl/05_corundum/corundum/fpga/common/rtl/mqnic_ingress.v
set_global_assignment -name VERILOG_FILE /h/led_ctrl/05_corundum/corundum/fpga/common/rtl/mqnic_l2_egress.v
set_global_assignment -name VERILOG_FILE /h/led_ctrl/05_corundum/corundum/fpga/common/rtl/mqnic_l2_ingress.v
set_global_assignment -name VERILOG_FILE /h/led_ctrl/05_corundum/corundum/fpga/common/rtl/mqnic_rx_queue_map.v
set_global_assignment -name VERILOG_FILE /h/led_ctrl/05_corundum/corundum/fpga/common/rtl/mqnic_ptp.v
set_global_assignment -name VERILOG_FILE /h/led_ctrl/05_corundum/corundum/fpga/common/rtl/mqnic_ptp_clock.v
set_global_assignment -name VERILOG_FILE /h/led_ctrl/05_corundum/corundum/fpga/common/rtl/mqnic_ptp_perout.v
set_global_assignment -name VERILOG_FILE /h/led_ctrl/05_corundum/corundum/fpga/common/rtl/mqnic_rb_clk_info.v
set_global_assignment -name VERILOG_FILE /h/led_ctrl/05_corundum/corundum/fpga/common/rtl/mqnic_port_map_phy_xgmii.v
set_global_assignment -name VERILOG_FILE /h/led_ctrl/05_corundum/corundum/fpga/common/rtl/cpl_write.v
set_global_assignment -name VERILOG_FILE /h/led_ctrl/05_corundum/corundum/fpga/common/rtl/cpl_op_mux.v
set_global_assignment -name VERILOG_FILE /h/led_ctrl/05_corundum/corundum/fpga/common/rtl/desc_fetch.v
set_global_assignment -name VERILOG_FILE /h/led_ctrl/05_corundum/corundum/fpga/common/rtl/desc_op_mux.v
set_global_assignment -name VERILOG_FILE /h/led_ctrl/05_corundum/corundum/fpga/common/rtl/queue_manager.v
set_global_assignment -name VERILOG_FILE /h/led_ctrl/05_corundum/corundum/fpga/common/rtl/cpl_queue_manager.v
set_global_assignment -name VERILOG_FILE /h/led_ctrl/05_corundum/corundum/fpga/common/rtl/tx_fifo.v
set_global_assignment -name VERILOG_FILE /h/led_ctrl/05_corundum/corundum/fpga/common/rtl/rx_fifo.v
set_global_assignment -name VERILOG_FILE /h/led_ctrl/05_corundum/corundum/fpga/common/rtl/tx_req_mux.v
set_global_assignment -name VERILOG_FILE /h/led_ctrl/05_corundum/corundum/fpga/common/rtl/tx_engine.v
set_global_assignment -name VERILOG_FILE /h/led_ctrl/05_corundum/corundum/fpga/common/rtl/rx_engine.v
set_global_assignment -name VERILOG_FILE /h/led_ctrl/05_corundum/corundum/fpga/common/rtl/tx_checksum.v
set_global_assignment -name VERILOG_FILE /h/led_ctrl/05_corundum/corundum/fpga/common/rtl/rx_hash.v
set_global_assignment -name VERILOG_FILE /h/led_ctrl/05_corundum/corundum/fpga/common/rtl/rx_checksum.v
set_global_assignment -name VERILOG_FILE /h/led_ctrl/05_corundum/corundum/fpga/common/rtl/stats_counter.v
set_global_assignment -name VERILOG_FILE /h/led_ctrl/05_corundum/corundum/fpga/common/rtl/stats_collect.v
set_global_assignment -name VERILOG_FILE /h/led_ctrl/05_corundum/corundum/fpga/common/rtl/stats_pcie_if.v
set_global_assignment -name VERILOG_FILE /h/led_ctrl/05_corundum/corundum/fpga/common/rtl/stats_pcie_tlp.v
set_global_assignment -name VERILOG_FILE /h/led_ctrl/05_corundum/corundum/fpga/common/rtl/stats_dma_if_pcie.v
set_global_assignment -name VERILOG_FILE /h/led_ctrl/05_corundum/corundum/fpga/common/rtl/stats_dma_latency.v
set_global_assignment -name VERILOG_FILE /h/led_ctrl/05_corundum/corundum/fpga/common/rtl/mqnic_tx_scheduler_block_rr.v
set_global_assignment -name VERILOG_FILE /h/led_ctrl/05_corundum/corundum/fpga/common/rtl/tx_scheduler_rr.v
set_global_assignment -name VERILOG_FILE /h/led_ctrl/05_corundum/corundum/fpga/common/rtl/tdma_scheduler.v
set_global_assignment -name VERILOG_FILE /h/led_ctrl/05_corundum/corundum/fpga/common/rtl/tdma_ber.v
set_global_assignment -name VERILOG_FILE /h/led_ctrl/05_corundum/corundum/fpga/common/rtl/tdma_ber_ch.v
set_global_assignment -name VERILOG_FILE /h/led_ctrl/05_corundum/corundum/fpga/lib/eth/rtl/eth_mac_10g.v
set_global_assignment -name VERILOG_FILE /h/led_ctrl/05_corundum/corundum/fpga/lib/eth/rtl/axis_xgmii_rx_64.v
set_global_assignment -name VERILOG_FILE /h/led_ctrl/05_corundum/corundum/fpga/lib/eth/rtl/axis_xgmii_tx_64.v
set_global_assignment -name VERILOG_FILE /h/led_ctrl/05_corundum/corundum/fpga/lib/eth/rtl/mac_ctrl_rx.v
set_global_assignment -name VERILOG_FILE /h/led_ctrl/05_corundum/corundum/fpga/lib/eth/rtl/mac_ctrl_tx.v
set_global_assignment -name VERILOG_FILE /h/led_ctrl/05_corundum/corundum/fpga/lib/eth/rtl/mac_pause_ctrl_rx.v
set_global_assignment -name VERILOG_FILE /h/led_ctrl/05_corundum/corundum/fpga/lib/eth/rtl/mac_pause_ctrl_tx.v
set_global_assignment -name VERILOG_FILE /h/led_ctrl/05_corundum/corundum/fpga/lib/eth/rtl/eth_phy_10g.v
set_global_assignment -name VERILOG_FILE /h/led_ctrl/05_corundum/corundum/fpga/lib/eth/rtl/eth_phy_10g_rx.v
set_global_assignment -name VERILOG_FILE /h/led_ctrl/05_corundum/corundum/fpga/lib/eth/rtl/eth_phy_10g_rx_if.v
set_global_assignment -name VERILOG_FILE /h/led_ctrl/05_corundum/corundum/fpga/lib/eth/rtl/eth_phy_10g_rx_frame_sync.v
set_global_assignment -name VERILOG_FILE /h/led_ctrl/05_corundum/corundum/fpga/lib/eth/rtl/eth_phy_10g_rx_ber_mon.v
set_global_assignment -name VERILOG_FILE /h/led_ctrl/05_corundum/corundum/fpga/lib/eth/rtl/eth_phy_10g_rx_watchdog.v
set_global_assignment -name VERILOG_FILE /h/led_ctrl/05_corundum/corundum/fpga/lib/eth/rtl/eth_phy_10g_tx.v
set_global_assignment -name VERILOG_FILE /h/led_ctrl/05_corundum/corundum/fpga/lib/eth/rtl/eth_phy_10g_tx_if.v
set_global_assignment -name VERILOG_FILE /h/led_ctrl/05_corundum/corundum/fpga/lib/eth/rtl/xgmii_baser_dec_64.v
set_global_assignment -name VERILOG_FILE /h/led_ctrl/05_corundum/corundum/fpga/lib/eth/rtl/xgmii_baser_enc_64.v
set_global_assignment -name VERILOG_FILE /h/led_ctrl/05_corundum/corundum/fpga/lib/eth/rtl/lfsr.v
set_global_assignment -name VERILOG_FILE /h/led_ctrl/05_corundum/corundum/fpga/lib/eth/rtl/ptp_td_phc.v
set_global_assignment -name VERILOG_FILE /h/led_ctrl/05_corundum/corundum/fpga/lib/eth/rtl/ptp_td_leaf.v
set_global_assignment -name VERILOG_FILE /h/led_ctrl/05_corundum/corundum/fpga/lib/eth/rtl/ptp_perout.v
set_global_assignment -name VERILOG_FILE /h/led_ctrl/05_corundum/corundum/fpga/lib/axi/rtl/axil_interconnect.v
set_global_assignment -name VERILOG_FILE /h/led_ctrl/05_corundum/corundum/fpga/lib/axi/rtl/axil_crossbar.v
set_global_assignment -name VERILOG_FILE /h/led_ctrl/05_corundum/corundum/fpga/lib/axi/rtl/axil_crossbar_addr.v
set_global_assignment -name VERILOG_FILE /h/led_ctrl/05_corundum/corundum/fpga/lib/axi/rtl/axil_crossbar_rd.v
set_global_assignment -name VERILOG_FILE /h/led_ctrl/05_corundum/corundum/fpga/lib/axi/rtl/axil_crossbar_wr.v
set_global_assignment -name VERILOG_FILE /h/led_ctrl/05_corundum/corundum/fpga/lib/axi/rtl/axil_reg_if.v
set_global_assignment -name VERILOG_FILE /h/led_ctrl/05_corundum/corundum/fpga/lib/axi/rtl/axil_reg_if_rd.v
set_global_assignment -name VERILOG_FILE /h/led_ctrl/05_corundum/corundum/fpga/lib/axi/rtl/axil_reg_if_wr.v
set_global_assignment -name VERILOG_FILE /h/led_ctrl/05_corundum/corundum/fpga/lib/axi/rtl/axil_register_rd.v
set_global_assignment -name VERILOG_FILE /h/led_ctrl/05_corundum/corundum/fpga/lib/axi/rtl/axil_register_wr.v
set_global_assignment -name VERILOG_FILE /h/led_ctrl/05_corundum/corundum/fpga/lib/axi/rtl/arbiter.v
set_global_assignment -name VERILOG_FILE /h/led_ctrl/05_corundum/corundum/fpga/lib/axi/rtl/priority_encoder.v
set_global_assignment -name VERILOG_FILE /h/led_ctrl/05_corundum/corundum/fpga/lib/eth/lib/axis/rtl/axis_adapter.v
set_global_assignment -name VERILOG_FILE /h/led_ctrl/05_corundum/corundum/fpga/lib/eth/lib/axis/rtl/axis_arb_mux.v
set_global_assignment -name VERILOG_FILE /h/led_ctrl/05_corundum/corundum/fpga/lib/eth/lib/axis/rtl/axis_async_fifo.v
set_global_assignment -name VERILOG_FILE /h/led_ctrl/05_corundum/corundum/fpga/lib/eth/lib/axis/rtl/axis_async_fifo_adapter.v
set_global_assignment -name VERILOG_FILE /h/led_ctrl/05_corundum/corundum/fpga/lib/eth/lib/axis/rtl/axis_demux.v
set_global_assignment -name VERILOG_FILE /h/led_ctrl/05_corundum/corundum/fpga/lib/eth/lib/axis/rtl/axis_fifo.v
set_global_assignment -name VERILOG_FILE /h/led_ctrl/05_corundum/corundum/fpga/lib/eth/lib/axis/rtl/axis_fifo_adapter.v
set_global_assignment -name VERILOG_FILE /h/led_ctrl/05_corundum/corundum/fpga/lib/eth/lib/axis/rtl/axis_pipeline_fifo.v
set_global_assignment -name VERILOG_FILE /h/led_ctrl/05_corundum/corundum/fpga/lib/eth/lib/axis/rtl/axis_register.v
set_global_assignment -name VERILOG_FILE /h/led_ctrl/05_corundum/corundum/fpga/lib/eth/lib/axis/rtl/sync_reset.v
set_global_assignment -name VERILOG_FILE /h/led_ctrl/05_corundum/corundum/fpga/lib/pcie/rtl/pcie_axil_master.v
set_global_assignment -name VERILOG_FILE /h/led_ctrl/05_corundum/corundum/fpga/lib/pcie/rtl/pcie_tlp_demux.v
set_global_assignment -name VERILOG_FILE /h/led_ctrl/05_corundum/corundum/fpga/lib/pcie/rtl/pcie_tlp_demux_bar.v
set_global_assignment -name VERILOG_FILE /h/led_ctrl/05_corundum/corundum/fpga/lib/pcie/rtl/pcie_tlp_mux.v
set_global_assignment -name VERILOG_FILE /h/led_ctrl/05_corundum/corundum/fpga/lib/pcie/rtl/pcie_tlp_fc_count.v
set_global_assignment -name VERILOG_FILE /h/led_ctrl/05_corundum/corundum/fpga/lib/pcie/rtl/pcie_tlp_fifo.v
set_global_assignment -name VERILOG_FILE /h/led_ctrl/05_corundum/corundum/fpga/lib/pcie/rtl/pcie_tlp_fifo_raw.v
set_global_assignment -name VERILOG_FILE /h/led_ctrl/05_corundum/corundum/fpga/lib/pcie/rtl/pcie_tlp_fifo_mux.v
set_global_assignment -name VERILOG_FILE /h/led_ctrl/05_corundum/corundum/fpga/lib/pcie/rtl/pcie_msix.v
set_global_assignment -name VERILOG_FILE /h/led_ctrl/05_corundum/corundum/fpga/lib/pcie/rtl/irq_rate_limit.v
set_global_assignment -name VERILOG_FILE /h/led_ctrl/05_corundum/corundum/fpga/lib/pcie/rtl/dma_if_pcie.v
set_global_assignment -name VERILOG_FILE /h/led_ctrl/05_corundum/corundum/fpga/lib/pcie/rtl/dma_if_pcie_rd.v
set_global_assignment -name VERILOG_FILE /h/led_ctrl/05_corundum/corundum/fpga/lib/pcie/rtl/dma_if_pcie_wr.v
set_global_assignment -name VERILOG_FILE /h/led_ctrl/05_corundum/corundum/fpga/lib/pcie/rtl/dma_if_mux.v
set_global_assignment -name VERILOG_FILE /h/led_ctrl/05_corundum/corundum/fpga/lib/pcie/rtl/dma_if_mux_rd.v
set_global_assignment -name VERILOG_FILE /h/led_ctrl/05_corundum/corundum/fpga/lib/pcie/rtl/dma_if_mux_wr.v
set_global_assignment -name VERILOG_FILE /h/led_ctrl/05_corundum/corundum/fpga/lib/pcie/rtl/dma_if_desc_mux.v
set_global_assignment -name VERILOG_FILE /h/led_ctrl/05_corundum/corundum/fpga/lib/pcie/rtl/dma_ram_demux_rd.v
set_global_assignment -name VERILOG_FILE /h/led_ctrl/05_corundum/corundum/fpga/lib/pcie/rtl/dma_ram_demux_wr.v
set_global_assignment -name VERILOG_FILE /h/led_ctrl/05_corundum/corundum/fpga/lib/pcie/rtl/dma_psdpram.v
set_global_assignment -name VERILOG_FILE /h/led_ctrl/05_corundum/corundum/fpga/lib/pcie/rtl/dma_client_axis_sink.v
set_global_assignment -name VERILOG_FILE /h/led_ctrl/05_corundum/corundum/fpga/lib/pcie/rtl/dma_client_axis_source.v
set_global_assignment -name VERILOG_FILE /h/led_ctrl/05_corundum/corundum/fpga/lib/pcie/rtl/pcie_s10_if.v
set_global_assignment -name VERILOG_FILE /h/led_ctrl/05_corundum/corundum/fpga/lib/pcie/rtl/pcie_s10_if_rx.v
set_global_assignment -name VERILOG_FILE /h/led_ctrl/05_corundum/corundum/fpga/lib/pcie/rtl/pcie_s10_if_tx.v
set_global_assignment -name VERILOG_FILE /h/led_ctrl/05_corundum/corundum/fpga/lib/pcie/rtl/pcie_s10_cfg.v
set_global_assignment -name VERILOG_FILE /h/led_ctrl/05_corundum/corundum/fpga/lib/pcie/rtl/pulse_merge.v
